
Microsoft Visual Studio Solution File, Format Version 12.00
# Visual Studio Version 17
VisualStudioVersion = 17.12.35707.178
MinimumVisualStudioVersion = 10.0.40219.1
Project("{2150E333-8FDC-42A3-9474-1A3956D46DE8}") = "Source", "Source", "{49E2AB98-CB9A-4AA7-A1BC-01479F27781F}"
EndProject
Project("{2150E333-8FDC-42A3-9474-1A3956D46DE8}") = "Test", "Test", "{B73C4966-1CA9-4256-AD3B-962795D9FE7C}"
EndProject
Project("{FAE04EC0-301F-11D3-BF4B-00C04F79EFBC}") = "Gobb", "Source\Gobb\Gobb.csproj", "{4E8CE25C-52EA-4CDE-B817-CCA598FF9C87}"
EndProject
Global
	GlobalSection(SolutionConfigurationPlatforms) = preSolution
		Debug|Any CPU = Debug|Any CPU
		Release|Any CPU = Release|Any CPU
	EndGlobalSection
	GlobalSection(ProjectConfigurationPlatforms) = postSolution
		{4E8CE25C-52EA-4CDE-B817-CCA598FF9C87}.Debug|Any CPU.ActiveCfg = Debug|Any CPU
		{4E8CE25C-52EA-4CDE-B817-CCA598FF9C87}.Debug|Any CPU.Build.0 = Debug|Any CPU
		{4E8CE25C-52EA-4CDE-B817-CCA598FF9C87}.Release|Any CPU.ActiveCfg = Release|Any CPU
		{4E8CE25C-52EA-4CDE-B817-CCA598FF9C87}.Release|Any CPU.Build.0 = Release|Any CPU
	EndGlobalSection
	GlobalSection(SolutionProperties) = preSolution
		HideSolutionNode = FALSE
	EndGlobalSection
	GlobalSection(NestedProjects) = preSolution
		{4E8CE25C-52EA-4CDE-B817-CCA598FF9C87} = {49E2AB98-CB9A-4AA7-A1BC-01479F27781F}
	EndGlobalSection
EndGlobal
